
Microsoft Visual Studio Solution File, Format Version 12.00
# Visual Studio 15
VisualStudioVersion = 15.0.27130.2036
MinimumVisualStudioVersion = 10.0.40219.1
Project("{E24C65DC-7377-472B-9ABA-BC803B73C61A}") = "StringValidator", "StringValidator\", "{71A4955D-4047-478B-89BA-9C5DB2FDA043}"
	ProjectSection(WebsiteProperties) = preProject
		TargetFrameworkMoniker = ".NETFramework,Version%3Dv4.6.2"
		Debug.AspNetCompiler.VirtualPath = "/localhost_50093"
		Debug.AspNetCompiler.PhysicalPath = "StringValidator\"
		Debug.AspNetCompiler.TargetPath = "PrecompiledWeb\localhost_50093\"
		Debug.AspNetCompiler.Updateable = "true"
		Debug.AspNetCompiler.ForceOverwrite = "true"
		Debug.AspNetCompiler.FixedNames = "false"
		Debug.AspNetCompiler.Debug = "True"
		Release.AspNetCompiler.VirtualPath = "/localhost_50093"
		Release.AspNetCompiler.PhysicalPath = "StringValidator\"
		Release.AspNetCompiler.TargetPath = "PrecompiledWeb\localhost_50093\"
		Release.AspNetCompiler.Updateable = "true"
		Release.AspNetCompiler.ForceOverwrite = "true"
		Release.AspNetCompiler.FixedNames = "false"
		Release.AspNetCompiler.Debug = "False"
		VWDPort = "50093"
		SlnRelativePath = "StringValidator\"
		DefaultWebSiteLanguage = "Visual C#"
	EndProjectSection
EndProject
Global
	GlobalSection(SolutionConfigurationPlatforms) = preSolution
		Debug|Any CPU = Debug|Any CPU
	EndGlobalSection
	GlobalSection(ProjectConfigurationPlatforms) = postSolution
		{71A4955D-4047-478B-89BA-9C5DB2FDA043}.Debug|Any CPU.ActiveCfg = Debug|Any CPU
		{71A4955D-4047-478B-89BA-9C5DB2FDA043}.Debug|Any CPU.Build.0 = Debug|Any CPU
	EndGlobalSection
	GlobalSection(SolutionProperties) = preSolution
		HideSolutionNode = FALSE
	EndGlobalSection
	GlobalSection(ExtensibilityGlobals) = postSolution
		SolutionGuid = {8A9E8768-928A-413B-9396-79934399C494}
	EndGlobalSection
EndGlobal
